
Microsoft Visual Studio Solution File, Format Version 12.00
# Visual Studio Version 17
VisualStudioVersion = 17.8.34408.163
MinimumVisualStudioVersion = 10.0.40219.1
Project("{FAE04EC0-301F-11D3-BF4B-00C04F79EFBC}") = "Better_Bulldozer", "Better_Bulldozer\Better_Bulldozer.csproj", "{A9506061-6D7E-48F8-8314-105FCBF2FED8}"
EndProject
Project("{2150E333-8FDC-42A3-9474-1A3956D46DE8}") = "Solution Items", "Solution Items", "{0FCB0FDB-DFC7-4FCB-A81C-08C2FBE06FC6}"
	ProjectSection(SolutionItems) = preProject
		CHANGELOG.md = CHANGELOG.md
		README.md = README.md
	EndProjectSection
EndProject
Global
	GlobalSection(SolutionConfigurationPlatforms) = preSolution
		BepInEx|Any CPU = BepInEx|Any CPU
		Debug|Any CPU = Debug|Any CPU
		Release|Any CPU = Release|Any CPU
	EndGlobalSection
	GlobalSection(ProjectConfigurationPlatforms) = postSolution
		{A9506061-6D7E-48F8-8314-105FCBF2FED8}.BepInEx|Any CPU.ActiveCfg = BepInEx|Any CPU
		{A9506061-6D7E-48F8-8314-105FCBF2FED8}.BepInEx|Any CPU.Build.0 = BepInEx|Any CPU
		{A9506061-6D7E-48F8-8314-105FCBF2FED8}.Debug|Any CPU.ActiveCfg = Debug|Any CPU
		{A9506061-6D7E-48F8-8314-105FCBF2FED8}.Debug|Any CPU.Build.0 = Debug|Any CPU
		{A9506061-6D7E-48F8-8314-105FCBF2FED8}.Release|Any CPU.ActiveCfg = Release|Any CPU
		{A9506061-6D7E-48F8-8314-105FCBF2FED8}.Release|Any CPU.Build.0 = Release|Any CPU
	EndGlobalSection
	GlobalSection(SolutionProperties) = preSolution
		HideSolutionNode = FALSE
	EndGlobalSection
	GlobalSection(ExtensibilityGlobals) = postSolution
		SolutionGuid = {BD32D93A-4E19-4985-B114-B5F29F7F6AD2}
	EndGlobalSection
EndGlobal
